
Microsoft Visual Studio Solution File, Format Version 12.00
# Visual Studio Version 16
VisualStudioVersion = 16.0.28803.202
MinimumVisualStudioVersion = 10.0.40219.1
Project("{FAE04EC0-301F-11D3-BF4B-00C04F79EFBC}") = "ProjetoTeste", "ProjetoTeste\ProjetoTeste.csproj", "{A30EC067-DF08-453A-9A48-3CD0BA5649AE}"
EndProject
Global
	GlobalSection(SolutionConfigurationPlatforms) = preSolution
		Debug|Any CPU = Debug|Any CPU
		Release|Any CPU = Release|Any CPU
	EndGlobalSection
	GlobalSection(ProjectConfigurationPlatforms) = postSolution
		{A30EC067-DF08-453A-9A48-3CD0BA5649AE}.Debug|Any CPU.ActiveCfg = Debug|Any CPU
		{A30EC067-DF08-453A-9A48-3CD0BA5649AE}.Debug|Any CPU.Build.0 = Debug|Any CPU
		{A30EC067-DF08-453A-9A48-3CD0BA5649AE}.Release|Any CPU.ActiveCfg = Release|Any CPU
		{A30EC067-DF08-453A-9A48-3CD0BA5649AE}.Release|Any CPU.Build.0 = Release|Any CPU
	EndGlobalSection
	GlobalSection(SolutionProperties) = preSolution
		HideSolutionNode = FALSE
	EndGlobalSection
	GlobalSection(ExtensibilityGlobals) = postSolution
		SolutionGuid = {9B335450-9FBF-4CAC-A9AF-BF9C69EC28E4}
	EndGlobalSection
EndGlobal
